
Microsoft Visual Studio Solution File, Format Version 11.00
# Visual Studio 2010
Project("{FAE04EC0-301F-11D3-BF4B-00C04F79EFBC}") = "October30", "Assembly-CSharp.csproj", "{888CB390-92A8-E876-6C69-907D4A2E05D4}"
EndProject
Project("{FAE04EC0-301F-11D3-BF4B-00C04F79EFBC}") = "October30", "Assembly-CSharp-Editor.csproj", "{1BDCCC6D-3A51-B39E-15DB-0CF1211461FE}"
EndProject
Global
	GlobalSection(SolutionConfigurationPlatforms) = preSolution
		Debug|Any CPU = Debug|Any CPU
		Release|Any CPU = Release|Any CPU
	EndGlobalSection
	GlobalSection(ProjectConfigurationPlatforms) = postSolution
		{888CB390-92A8-E876-6C69-907D4A2E05D4}.Debug|Any CPU.ActiveCfg = Debug|Any CPU
		{888CB390-92A8-E876-6C69-907D4A2E05D4}.Debug|Any CPU.Build.0 = Debug|Any CPU
		{888CB390-92A8-E876-6C69-907D4A2E05D4}.Release|Any CPU.ActiveCfg = Release|Any CPU
		{888CB390-92A8-E876-6C69-907D4A2E05D4}.Release|Any CPU.Build.0 = Release|Any CPU
		{1BDCCC6D-3A51-B39E-15DB-0CF1211461FE}.Debug|Any CPU.ActiveCfg = Debug|Any CPU
		{1BDCCC6D-3A51-B39E-15DB-0CF1211461FE}.Debug|Any CPU.Build.0 = Debug|Any CPU
		{1BDCCC6D-3A51-B39E-15DB-0CF1211461FE}.Release|Any CPU.ActiveCfg = Release|Any CPU
		{1BDCCC6D-3A51-B39E-15DB-0CF1211461FE}.Release|Any CPU.Build.0 = Release|Any CPU
	EndGlobalSection
	GlobalSection(SolutionProperties) = preSolution
		HideSolutionNode = FALSE
	EndGlobalSection
	GlobalSection(MonoDevelopProperties) = preSolution
		StartupItem = Assembly-CSharp.csproj
	EndGlobalSection
EndGlobal
